// !$*UTF8*$!
{
	archiveVersion = 1;
	classes = {
	};
	objectVersion = 50;
	objects = {

/* Begin PBXBuildFile section */
		C13F3FB820764D1C006DDB77 /* MTGradientView.swift in Sources */ = {isa = PBXBuildFile; fileRef = C13F3FB720764D1C006DDB77 /* MTGradientView.swift */; };
		C13F3FBA207653D3006DDB77 /* MTCAGradientLayerViewController.swift in Sources */ = {isa = PBXBuildFile; fileRef = C13F3FB9207653D3006DDB77 /* MTCAGradientLayerViewController.swift */; };
		C1A3CE702075F96000F9A9EB /* AppDelegate.swift in Sources */ = {isa = PBXBuildFile; fileRef = C1A3CE6F2075F96000F9A9EB /* AppDelegate.swift */; };
		C1A3CE752075F96000F9A9EB /* Main.storyboard in Resources */ = {isa = PBXBuildFile; fileRef = C1A3CE732075F96000F9A9EB /* Main.storyboard */; };
		C1A3CE772075F96200F9A9EB /* Assets.xcassets in Resources */ = {isa = PBXBuildFile; fileRef = C1A3CE762075F96200F9A9EB /* Assets.xcassets */; };
		C1A3CE7A2075F96200F9A9EB /* LaunchScreen.storyboard in Resources */ = {isa = PBXBuildFile; fileRef = C1A3CE782075F96200F9A9EB /* LaunchScreen.storyboard */; };
		C1A3CE872075FB7C00F9A9EB /* BlogDemosModel.swift in Sources */ = {isa = PBXBuildFile; fileRef = C1A3CE862075FB7C00F9A9EB /* BlogDemosModel.swift */; };
		C1A3CE8B20763CA900F9A9EB /* MTTitleListViewController.swift in Sources */ = {isa = PBXBuildFile; fileRef = C1A3CE8A20763CA900F9A9EB /* MTTitleListViewController.swift */; };
/* End PBXBuildFile section */

/* Begin PBXFileReference section */
		C13F3FB720764D1C006DDB77 /* MTGradientView.swift */ = {isa = PBXFileReference; lastKnownFileType = sourcecode.swift; path = MTGradientView.swift; sourceTree = "<group>"; };
		C13F3FB9207653D3006DDB77 /* MTCAGradientLayerViewController.swift */ = {isa = PBXFileReference; lastKnownFileType = sourcecode.swift; path = MTCAGradientLayerViewController.swift; sourceTree = "<group>"; };
		C1A3CE6C2075F96000F9A9EB /* MTBlogDemos.app */ = {isa = PBXFileReference; explicitFileType = wrapper.application; includeInIndex = 0; path = MTBlogDemos.app; sourceTree = BUILT_PRODUCTS_DIR; };
		C1A3CE6F2075F96000F9A9EB /* AppDelegate.swift */ = {isa = PBXFileReference; lastKnownFileType = sourcecode.swift; path = AppDelegate.swift; sourceTree = "<group>"; };
		C1A3CE742075F96000F9A9EB /* Base */ = {isa = PBXFileReference; lastKnownFileType = file.storyboard; name = Base; path = Base.lproj/Main.storyboard; sourceTree = "<group>"; };
		C1A3CE762075F96200F9A9EB /* Assets.xcassets */ = {isa = PBXFileReference; lastKnownFileType = folder.assetcatalog; path = Assets.xcassets; sourceTree = "<group>"; };
		C1A3CE792075F96200F9A9EB /* Base */ = {isa = PBXFileReference; lastKnownFileType = file.storyboard; name = Base; path = Base.lproj/LaunchScreen.storyboard; sourceTree = "<group>"; };
		C1A3CE7B2075F96200F9A9EB /* Info.plist */ = {isa = PBXFileReference; lastKnownFileType = text.plist.xml; path = Info.plist; sourceTree = "<group>"; };
		C1A3CE862075FB7C00F9A9EB /* BlogDemosModel.swift */ = {isa = PBXFileReference; lastKnownFileType = sourcecode.swift; path = BlogDemosModel.swift; sourceTree = "<group>"; };
		C1A3CE8A20763CA900F9A9EB /* MTTitleListViewController.swift */ = {isa = PBXFileReference; lastKnownFileType = sourcecode.swift; path = MTTitleListViewController.swift; sourceTree = "<group>"; };
/* End PBXFileReference section */

/* Begin PBXFrameworksBuildPhase section */
		C1A3CE692075F96000F9A9EB /* Frameworks */ = {
			isa = PBXFrameworksBuildPhase;
			buildActionMask = 2147483647;
			files = (
			);
			runOnlyForDeploymentPostprocessing = 0;
		};
/* End PBXFrameworksBuildPhase section */

/* Begin PBXGroup section */
		C13F3FB520764CBD006DDB77 /* Controllers */ = {
			isa = PBXGroup;
			children = (
				C13F3FB9207653D3006DDB77 /* MTCAGradientLayerViewController.swift */,
			);
			path = Controllers;
			sourceTree = "<group>";
		};
		C13F3FB620764CCD006DDB77 /* Views */ = {
			isa = PBXGroup;
			children = (
				C13F3FB720764D1C006DDB77 /* MTGradientView.swift */,
			);
			path = Views;
			sourceTree = "<group>";
		};
		C1A3CE632075F96000F9A9EB = {
			isa = PBXGroup;
			children = (
				C1A3CE6E2075F96000F9A9EB /* MTBlogDemos */,
				C1A3CE6D2075F96000F9A9EB /* Products */,
			);
			sourceTree = "<group>";
		};
		C1A3CE6D2075F96000F9A9EB /* Products */ = {
			isa = PBXGroup;
			children = (
				C1A3CE6C2075F96000F9A9EB /* MTBlogDemos.app */,
			);
			name = Products;
			sourceTree = "<group>";
		};
		C1A3CE6E2075F96000F9A9EB /* MTBlogDemos */ = {
			isa = PBXGroup;
			children = (
				C1A3CE842075F99900F9A9EB /* Sources */,
				C1A3CE6F2075F96000F9A9EB /* AppDelegate.swift */,
				C1A3CE8A20763CA900F9A9EB /* MTTitleListViewController.swift */,
				C1A3CE862075FB7C00F9A9EB /* BlogDemosModel.swift */,
				C1A3CE732075F96000F9A9EB /* Main.storyboard */,
				C1A3CE762075F96200F9A9EB /* Assets.xcassets */,
				C1A3CE782075F96200F9A9EB /* LaunchScreen.storyboard */,
				C1A3CE7B2075F96200F9A9EB /* Info.plist */,
			);
			path = MTBlogDemos;
			sourceTree = "<group>";
		};
		C1A3CE812075F96B00F9A9EB /* UIKit */ = {
			isa = PBXGroup;
			children = (
			);
			path = UIKit;
			sourceTree = "<group>";
		};
		C1A3CE822075F97200F9A9EB /* CoreAnimation */ = {
			isa = PBXGroup;
			children = (
				C1A3CE832075F97A00F9A9EB /* CALayer */,
			);
			path = CoreAnimation;
			sourceTree = "<group>";
		};
		C1A3CE832075F97A00F9A9EB /* CALayer */ = {
			isa = PBXGroup;
			children = (
				C1A3CE852075F9BA00F9A9EB /* CAGradientLayer */,
			);
			path = CALayer;
			sourceTree = "<group>";
		};
		C1A3CE842075F99900F9A9EB /* Sources */ = {
			isa = PBXGroup;
			children = (
				C1A3CE812075F96B00F9A9EB /* UIKit */,
				C1A3CE822075F97200F9A9EB /* CoreAnimation */,
			);
			path = Sources;
			sourceTree = "<group>";
		};
		C1A3CE852075F9BA00F9A9EB /* CAGradientLayer */ = {
			isa = PBXGroup;
			children = (
				C13F3FB620764CCD006DDB77 /* Views */,
				C13F3FB520764CBD006DDB77 /* Controllers */,
			);
			path = CAGradientLayer;
			sourceTree = "<group>";
		};
/* End PBXGroup section */

/* Begin PBXNativeTarget section */
		C1A3CE6B2075F96000F9A9EB /* MTBlogDemos */ = {
			isa = PBXNativeTarget;
			buildConfigurationList = C1A3CE7E2075F96200F9A9EB /* Build configuration list for PBXNativeTarget "MTBlogDemos" */;
			buildPhases = (
				C1A3CE682075F96000F9A9EB /* Sources */,
				C1A3CE692075F96000F9A9EB /* Frameworks */,
				C1A3CE6A2075F96000F9A9EB /* Resources */,
			);
			buildRules = (
			);
			dependencies = (
			);
			name = MTBlogDemos;
			productName = MTBlogDemos;
			productReference = C1A3CE6C2075F96000F9A9EB /* MTBlogDemos.app */;
			productType = "com.apple.product-type.application";
		};
/* End PBXNativeTarget section */

/* Begin PBXProject section */
		C1A3CE642075F96000F9A9EB /* Project object */ = {
			isa = PBXProject;
			attributes = {
				LastSwiftUpdateCheck = 0930;
				LastUpgradeCheck = 0930;
				ORGANIZATIONNAME = LiMengtian;
				TargetAttributes = {
					C1A3CE6B2075F96000F9A9EB = {
						CreatedOnToolsVersion = 9.3;
					};
				};
			};
			buildConfigurationList = C1A3CE672075F96000F9A9EB /* Build configuration list for PBXProject "MTBlogDemos" */;
			compatibilityVersion = "Xcode 9.3";
			developmentRegion = en;
			hasScannedForEncodings = 0;
			knownRegions = (
				en,
				Base,
			);
			mainGroup = C1A3CE632075F96000F9A9EB;
			productRefGroup = C1A3CE6D2075F96000F9A9EB /* Products */;
			projectDirPath = "";
			projectRoot = "";
			targets = (
				C1A3CE6B2075F96000F9A9EB /* MTBlogDemos */,
			);
		};
/* End PBXProject section */

/* Begin PBXResourcesBuildPhase section */
		C1A3CE6A2075F96000F9A9EB /* Resources */ = {
			isa = PBXResourcesBuildPhase;
			buildActionMask = 2147483647;
			files = (
				C1A3CE7A2075F96200F9A9EB /* LaunchScreen.storyboard in Resources */,
				C1A3CE772075F96200F9A9EB /* Assets.xcassets in Resources */,
				C1A3CE752075F96000F9A9EB /* Main.storyboard in Resources */,
			);
			runOnlyForDeploymentPostprocessing = 0;
		};
/* End PBXResourcesBuildPhase section */

/* Begin PBXSourcesBuildPhase section */
		C1A3CE682075F96000F9A9EB /* Sources */ = {
			isa = PBXSourcesBuildPhase;
			buildActionMask = 2147483647;
			files = (
				C1A3CE8B20763CA900F9A9EB /* MTTitleListViewController.swift in Sources */,
				C13F3FBA207653D3006DDB77 /* MTCAGradientLayerViewController.swift in Sources */,
				C13F3FB820764D1C006DDB77 /* MTGradientView.swift in Sources */,
				C1A3CE872075FB7C00F9A9EB /* BlogDemosModel.swift in Sources */,
				C1A3CE702075F96000F9A9EB /* AppDelegate.swift in Sources */,
			);
			runOnlyForDeploymentPostprocessing = 0;
		};
/* End PBXSourcesBuildPhase section */

/* Begin PBXVariantGroup section */
		C1A3CE732075F96000F9A9EB /* Main.storyboard */ = {
			isa = PBXVariantGroup;
			children = (
				C1A3CE742075F96000F9A9EB /* Base */,
			);
			name = Main.storyboard;
			sourceTree = "<group>";
		};
		C1A3CE782075F96200F9A9EB /* LaunchScreen.storyboard */ = {
			isa = PBXVariantGroup;
			children = (
				C1A3CE792075F96200F9A9EB /* Base */,
			);
			name = LaunchScreen.storyboard;
			sourceTree = "<group>";
		};
/* End PBXVariantGroup section */

/* Begin XCBuildConfiguration section */
		C1A3CE7C2075F96200F9A9EB /* Debug */ = {
			isa = XCBuildConfiguration;
			buildSettings = {
				ALWAYS_SEARCH_USER_PATHS = NO;
				CLANG_ANALYZER_NONNULL = YES;
				CLANG_ANALYZER_NUMBER_OBJECT_CONVERSION = YES_AGGRESSIVE;
				CLANG_CXX_LANGUAGE_STANDARD = "gnu++14";
				CLANG_CXX_LIBRARY = "libc++";
				CLANG_ENABLE_MODULES = YES;
				CLANG_ENABLE_OBJC_ARC = YES;
				CLANG_ENABLE_OBJC_WEAK = YES;
				CLANG_WARN_BLOCK_CAPTURE_AUTORELEASING = YES;
				CLANG_WARN_BOOL_CONVERSION = YES;
				CLANG_WARN_COMMA = YES;
				CLANG_WARN_CONSTANT_CONVERSION = YES;
				CLANG_WARN_DEPRECATED_OBJC_IMPLEMENTATIONS = YES;
				CLANG_WARN_DIRECT_OBJC_ISA_USAGE = YES_ERROR;
				CLANG_WARN_DOCUMENTATION_COMMENTS = YES;
				CLANG_WARN_EMPTY_BODY = YES;
				CLANG_WARN_ENUM_CONVERSION = YES;
				CLANG_WARN_INFINITE_RECURSION = YES;
				CLANG_WARN_INT_CONVERSION = YES;
				CLANG_WARN_NON_LITERAL_NULL_CONVERSION = YES;
				CLANG_WARN_OBJC_IMPLICIT_RETAIN_SELF = YES;
				CLANG_WARN_OBJC_LITERAL_CONVERSION = YES;
				CLANG_WARN_OBJC_ROOT_CLASS = YES_ERROR;
				CLANG_WARN_RANGE_LOOP_ANALYSIS = YES;
				CLANG_WARN_STRICT_PROTOTYPES = YES;
				CLANG_WARN_SUSPICIOUS_MOVE = YES;
				CLANG_WARN_UNGUARDED_AVAILABILITY = YES_AGGRESSIVE;
				CLANG_WARN_UNREACHABLE_CODE = YES;
				CLANG_WARN__DUPLICATE_METHOD_MATCH = YES;
				CODE_SIGN_IDENTITY = "iPhone Developer";
				COPY_PHASE_STRIP = NO;
				DEBUG_INFORMATION_FORMAT = dwarf;
				ENABLE_STRICT_OBJC_MSGSEND = YES;
				ENABLE_TESTABILITY = YES;
				GCC_C_LANGUAGE_STANDARD = gnu11;
				GCC_DYNAMIC_NO_PIC = NO;
				GCC_NO_COMMON_BLOCKS = YES;
				GCC_OPTIMIZATION_LEVEL = 0;
				GCC_PREPROCESSOR_DEFINITIONS = (
					"DEBUG=1",
					"$(inherited)",
				);
				GCC_WARN_64_TO_32_BIT_CONVERSION = YES;
				GCC_WARN_ABOUT_RETURN_TYPE = YES_ERROR;
				GCC_WARN_UNDECLARED_SELECTOR = YES;
				GCC_WARN_UNINITIALIZED_AUTOS = YES_AGGRESSIVE;
				GCC_WARN_UNUSED_FUNCTION = YES;
				GCC_WARN_UNUSED_VARIABLE = YES;
				IPHONEOS_DEPLOYMENT_TARGET = 11.3;
				MTL_ENABLE_DEBUG_INFO = YES;
				ONLY_ACTIVE_ARCH = YES;
				SDKROOT = iphoneos;
				SWIFT_ACTIVE_COMPILATION_CONDITIONS = DEBUG;
				SWIFT_OPTIMIZATION_LEVEL = "-Onone";
			};
			name = Debug;
		};
		C1A3CE7D2075F96200F9A9EB /* Release */ = {
			isa = XCBuildConfiguration;
			buildSettings = {
				ALWAYS_SEARCH_USER_PATHS = NO;
				CLANG_ANALYZER_NONNULL = YES;
				CLANG_ANALYZER_NUMBER_OBJECT_CONVERSION = YES_AGGRESSIVE;
				CLANG_CXX_LANGUAGE_STANDARD = "gnu++14";
				CLANG_CXX_LIBRARY = "libc++";
				CLANG_ENABLE_MODULES = YES;
				CLANG_ENABLE_OBJC_ARC = YES;
				CLANG_ENABLE_OBJC_WEAK = YES;
				CLANG_WARN_BLOCK_CAPTURE_AUTORELEASING = YES;
				CLANG_WARN_BOOL_CONVERSION = YES;
				CLANG_WARN_COMMA = YES;
				CLANG_WARN_CONSTANT_CONVERSION = YES;
				CLANG_WARN_DEPRECATED_OBJC_IMPLEMENTATIONS = YES;
				CLANG_WARN_DIRECT_OBJC_ISA_USAGE = YES_ERROR;
				CLANG_WARN_DOCUMENTATION_COMMENTS = YES;
				CLANG_WARN_EMPTY_BODY = YES;
				CLANG_WARN_ENUM_CONVERSION = YES;
				CLANG_WARN_INFINITE_RECURSION = YES;
				CLANG_WARN_INT_CONVERSION = YES;
				CLANG_WARN_NON_LITERAL_NULL_CONVERSION = YES;
				CLANG_WARN_OBJC_IMPLICIT_RETAIN_SELF = YES;
				CLANG_WARN_OBJC_LITERAL_CONVERSION = YES;
				CLANG_WARN_OBJC_ROOT_CLASS = YES_ERROR;
				CLANG_WARN_RANGE_LOOP_ANALYSIS = YES;
				CLANG_WARN_STRICT_PROTOTYPES = YES;
				CLANG_WARN_SUSPICIOUS_MOVE = YES;
				CLANG_WARN_UNGUARDED_AVAILABILITY = YES_AGGRESSIVE;
				CLANG_WARN_UNREACHABLE_CODE = YES;
				CLANG_WARN__DUPLICATE_METHOD_MATCH = YES;
				CODE_SIGN_IDENTITY = "iPhone Developer";
				COPY_PHASE_STRIP = NO;
				DEBUG_INFORMATION_FORMAT = "dwarf-with-dsym";
				ENABLE_NS_ASSERTIONS = NO;
				ENABLE_STRICT_OBJC_MSGSEND = YES;
				GCC_C_LANGUAGE_STANDARD = gnu11;
				GCC_NO_COMMON_BLOCKS = YES;
				GCC_WARN_64_TO_32_BIT_CONVERSION = YES;
				GCC_WARN_ABOUT_RETURN_TYPE = YES_ERROR;
				GCC_WARN_UNDECLARED_SELECTOR = YES;
				GCC_WARN_UNINITIALIZED_AUTOS = YES_AGGRESSIVE;
				GCC_WARN_UNUSED_FUNCTION = YES;
				GCC_WARN_UNUSED_VARIABLE = YES;
				IPHONEOS_DEPLOYMENT_TARGET = 11.3;
				MTL_ENABLE_DEBUG_INFO = NO;
				SDKROOT = iphoneos;
				SWIFT_COMPILATION_MODE = wholemodule;
				SWIFT_OPTIMIZATION_LEVEL = "-O";
				VALIDATE_PRODUCT = YES;
			};
			name = Release;
		};
		C1A3CE7F2075F96200F9A9EB /* Debug */ = {
			isa = XCBuildConfiguration;
			buildSettings = {
				ASSETCATALOG_COMPILER_APPICON_NAME = AppIcon;
				CODE_SIGN_STYLE = Automatic;
				INFOPLIST_FILE = MTBlogDemos/Info.plist;
				LD_RUNPATH_SEARCH_PATHS = (
					"$(inherited)",
					"@executable_path/Frameworks",
				);
				PRODUCT_BUNDLE_IDENTIFIER = com.limengtian.MTBlogDemos;
				PRODUCT_NAME = "$(TARGET_NAME)";
				SWIFT_VERSION = 4.0;
				TARGETED_DEVICE_FAMILY = "1,2";
			};
			name = Debug;
		};
		C1A3CE802075F96200F9A9EB /* Release */ = {
			isa = XCBuildConfiguration;
			buildSettings = {
				ASSETCATALOG_COMPILER_APPICON_NAME = AppIcon;
				CODE_SIGN_STYLE = Automatic;
				INFOPLIST_FILE = MTBlogDemos/Info.plist;
				LD_RUNPATH_SEARCH_PATHS = (
					"$(inherited)",
					"@executable_path/Frameworks",
				);
				PRODUCT_BUNDLE_IDENTIFIER = com.limengtian.MTBlogDemos;
				PRODUCT_NAME = "$(TARGET_NAME)";
				SWIFT_VERSION = 4.0;
				TARGETED_DEVICE_FAMILY = "1,2";
			};
			name = Release;
		};
/* End XCBuildConfiguration section */

/* Begin XCConfigurationList section */
		C1A3CE672075F96000F9A9EB /* Build configuration list for PBXProject "MTBlogDemos" */ = {
			isa = XCConfigurationList;
			buildConfigurations = (
				C1A3CE7C2075F96200F9A9EB /* Debug */,
				C1A3CE7D2075F96200F9A9EB /* Release */,
			);
			defaultConfigurationIsVisible = 0;
			defaultConfigurationName = Release;
		};
		C1A3CE7E2075F96200F9A9EB /* Build configuration list for PBXNativeTarget "MTBlogDemos" */ = {
			isa = XCConfigurationList;
			buildConfigurations = (
				C1A3CE7F2075F96200F9A9EB /* Debug */,
				C1A3CE802075F96200F9A9EB /* Release */,
			);
			defaultConfigurationIsVisible = 0;
			defaultConfigurationName = Release;
		};
/* End XCConfigurationList section */
	};
	rootObject = C1A3CE642075F96000F9A9EB /* Project object */;
}
